
Microsoft Visual Studio Solution File, Format Version 12.00
# Visual Studio Version 17
VisualStudioVersion = 17.4.33122.133
MinimumVisualStudioVersion = 10.0.40219.1
Project("{FAE04EC0-301F-11D3-BF4B-00C04F79EFBC}") = "SS.Tecnologia.Exact", "SS.Tecnologia.Exact.csproj", "{B250D16D-1108-4FE5-B4A0-7719C7AD2E58}"
EndProject
Global
	GlobalSection(SolutionConfigurationPlatforms) = preSolution
		Debug|Any CPU = Debug|Any CPU
		Release|Any CPU = Release|Any CPU
	EndGlobalSection
	GlobalSection(ProjectConfigurationPlatforms) = postSolution
		{B250D16D-1108-4FE5-B4A0-7719C7AD2E58}.Debug|Any CPU.ActiveCfg = Debug|Any CPU
		{B250D16D-1108-4FE5-B4A0-7719C7AD2E58}.Debug|Any CPU.Build.0 = Debug|Any CPU
		{B250D16D-1108-4FE5-B4A0-7719C7AD2E58}.Release|Any CPU.ActiveCfg = Release|Any CPU
		{B250D16D-1108-4FE5-B4A0-7719C7AD2E58}.Release|Any CPU.Build.0 = Release|Any CPU
	EndGlobalSection
	GlobalSection(SolutionProperties) = preSolution
		HideSolutionNode = FALSE
	EndGlobalSection
	GlobalSection(ExtensibilityGlobals) = postSolution
		SolutionGuid = {B23CAE78-4039-4DC1-820C-0A9D910FD8AA}
	EndGlobalSection
EndGlobal
